
Microsoft Visual Studio Solution File, Format Version 11.00
# Visual Studio 2010
Project("{8BC9CEB8-8B4A-11D0-8D11-00A0C91BC942}") = "project4", "project4\project4.vcxproj", "{4ADCC0AD-5BEC-412E-83E1-1C08EBCEF823}"
EndProject
Global
	GlobalSection(SolutionConfigurationPlatforms) = preSolution
		Debug|Win32 = Debug|Win32
		Release|Win32 = Release|Win32
	EndGlobalSection
	GlobalSection(ProjectConfigurationPlatforms) = postSolution
		{4ADCC0AD-5BEC-412E-83E1-1C08EBCEF823}.Debug|Win32.ActiveCfg = Debug|Win32
		{4ADCC0AD-5BEC-412E-83E1-1C08EBCEF823}.Debug|Win32.Build.0 = Debug|Win32
		{4ADCC0AD-5BEC-412E-83E1-1C08EBCEF823}.Release|Win32.ActiveCfg = Release|Win32
		{4ADCC0AD-5BEC-412E-83E1-1C08EBCEF823}.Release|Win32.Build.0 = Release|Win32
	EndGlobalSection
	GlobalSection(SolutionProperties) = preSolution
		HideSolutionNode = FALSE
	EndGlobalSection
EndGlobal
